
Microsoft Visual Studio Solution File, Format Version 12.00
# Visual Studio Version 17
VisualStudioVersion = 17.7.34018.315
MinimumVisualStudioVersion = 10.0.40219.1
Project("{9A19103F-16F7-4668-BE54-9A1E7A4F7556}") = "AbsEngine", "AbsEngine\AbsEngine.csproj", "{0B91E531-90D6-43F0-B41F-FFD08F14E1CC}"
EndProject
Project("{9A19103F-16F7-4668-BE54-9A1E7A4F7556}") = "AbsGameProject", "AbsGameProject\AbsGameProject.csproj", "{9BA7AB6E-CEB2-4623-A6AD-3AFA2E925AAF}"
EndProject
Project("{9A19103F-16F7-4668-BE54-9A1E7A4F7556}") = "AbsProfiler", "AbsProfiler\AbsProfiler.csproj", "{7AC9B022-B9F2-4D49-8745-770678040160}"
EndProject
Global
	GlobalSection(SolutionConfigurationPlatforms) = preSolution
		Debug_NoProfiler|Any CPU = Debug_NoProfiler|Any CPU
		Debug|Any CPU = Debug|Any CPU
		Release_Profiler|Any CPU = Release_Profiler|Any CPU
		Release|Any CPU = Release|Any CPU
	EndGlobalSection
	GlobalSection(ProjectConfigurationPlatforms) = postSolution
		{0B91E531-90D6-43F0-B41F-FFD08F14E1CC}.Debug_NoProfiler|Any CPU.ActiveCfg = Debug_NoProfiler|Any CPU
		{0B91E531-90D6-43F0-B41F-FFD08F14E1CC}.Debug_NoProfiler|Any CPU.Build.0 = Debug_NoProfiler|Any CPU
		{0B91E531-90D6-43F0-B41F-FFD08F14E1CC}.Debug|Any CPU.ActiveCfg = Debug|Any CPU
		{0B91E531-90D6-43F0-B41F-FFD08F14E1CC}.Debug|Any CPU.Build.0 = Debug|Any CPU
		{0B91E531-90D6-43F0-B41F-FFD08F14E1CC}.Release_Profiler|Any CPU.ActiveCfg = Release_Profiler|Any CPU
		{0B91E531-90D6-43F0-B41F-FFD08F14E1CC}.Release_Profiler|Any CPU.Build.0 = Release_Profiler|Any CPU
		{0B91E531-90D6-43F0-B41F-FFD08F14E1CC}.Release|Any CPU.ActiveCfg = Release|Any CPU
		{0B91E531-90D6-43F0-B41F-FFD08F14E1CC}.Release|Any CPU.Build.0 = Release|Any CPU
		{9BA7AB6E-CEB2-4623-A6AD-3AFA2E925AAF}.Debug_NoProfiler|Any CPU.ActiveCfg = Debug_NoProfiler|Any CPU
		{9BA7AB6E-CEB2-4623-A6AD-3AFA2E925AAF}.Debug_NoProfiler|Any CPU.Build.0 = Debug_NoProfiler|Any CPU
		{9BA7AB6E-CEB2-4623-A6AD-3AFA2E925AAF}.Debug|Any CPU.ActiveCfg = Debug|Any CPU
		{9BA7AB6E-CEB2-4623-A6AD-3AFA2E925AAF}.Debug|Any CPU.Build.0 = Debug|Any CPU
		{9BA7AB6E-CEB2-4623-A6AD-3AFA2E925AAF}.Release_Profiler|Any CPU.ActiveCfg = Release_Profiler|Any CPU
		{9BA7AB6E-CEB2-4623-A6AD-3AFA2E925AAF}.Release_Profiler|Any CPU.Build.0 = Release_Profiler|Any CPU
		{9BA7AB6E-CEB2-4623-A6AD-3AFA2E925AAF}.Release|Any CPU.ActiveCfg = Release|Any CPU
		{9BA7AB6E-CEB2-4623-A6AD-3AFA2E925AAF}.Release|Any CPU.Build.0 = Release|Any CPU
		{7AC9B022-B9F2-4D49-8745-770678040160}.Debug_NoProfiler|Any CPU.ActiveCfg = Debug_NoProfiler|Any CPU
		{7AC9B022-B9F2-4D49-8745-770678040160}.Debug_NoProfiler|Any CPU.Build.0 = Debug_NoProfiler|Any CPU
		{7AC9B022-B9F2-4D49-8745-770678040160}.Debug|Any CPU.ActiveCfg = Debug|Any CPU
		{7AC9B022-B9F2-4D49-8745-770678040160}.Debug|Any CPU.Build.0 = Debug|Any CPU
		{7AC9B022-B9F2-4D49-8745-770678040160}.Release_Profiler|Any CPU.ActiveCfg = Release_Profiler|Any CPU
		{7AC9B022-B9F2-4D49-8745-770678040160}.Release_Profiler|Any CPU.Build.0 = Release_Profiler|Any CPU
		{7AC9B022-B9F2-4D49-8745-770678040160}.Release|Any CPU.ActiveCfg = Release|Any CPU
		{7AC9B022-B9F2-4D49-8745-770678040160}.Release|Any CPU.Build.0 = Release|Any CPU
	EndGlobalSection
	GlobalSection(SolutionProperties) = preSolution
		HideSolutionNode = FALSE
	EndGlobalSection
	GlobalSection(ExtensibilityGlobals) = postSolution
		SolutionGuid = {4C91267F-0B79-48AE-88E1-7046FC28AF7C}
	EndGlobalSection
EndGlobal
