
Microsoft Visual Studio Solution File, Format Version 12.00
# Visual Studio Version 17
VisualStudioVersion = 17.7.34018.315
MinimumVisualStudioVersion = 10.0.40219.1
Project("{FAE04EC0-301F-11D3-BF4B-00C04F79EFBC}") = "AbsEngine", "AbsEngine\AbsEngine.csproj", "{0B91E531-90D6-43F0-B41F-FFD08F14E1CC}"
EndProject
Project("{FAE04EC0-301F-11D3-BF4B-00C04F79EFBC}") = "AbsGameProject", "AbsGameProject\AbsGameProject.csproj", "{9BA7AB6E-CEB2-4623-A6AD-3AFA2E925AAF}"
EndProject
Global
	GlobalSection(SolutionConfigurationPlatforms) = preSolution
		Debug|Any CPU = Debug|Any CPU
		Release|Any CPU = Release|Any CPU
	EndGlobalSection
	GlobalSection(ProjectConfigurationPlatforms) = postSolution
		{0B91E531-90D6-43F0-B41F-FFD08F14E1CC}.Debug|Any CPU.ActiveCfg = Debug|Any CPU
		{0B91E531-90D6-43F0-B41F-FFD08F14E1CC}.Debug|Any CPU.Build.0 = Debug|Any CPU
		{0B91E531-90D6-43F0-B41F-FFD08F14E1CC}.Release|Any CPU.ActiveCfg = Release|Any CPU
		{0B91E531-90D6-43F0-B41F-FFD08F14E1CC}.Release|Any CPU.Build.0 = Release|Any CPU
		{9BA7AB6E-CEB2-4623-A6AD-3AFA2E925AAF}.Debug|Any CPU.ActiveCfg = Debug|Any CPU
		{9BA7AB6E-CEB2-4623-A6AD-3AFA2E925AAF}.Debug|Any CPU.Build.0 = Debug|Any CPU
		{9BA7AB6E-CEB2-4623-A6AD-3AFA2E925AAF}.Release|Any CPU.ActiveCfg = Release|Any CPU
		{9BA7AB6E-CEB2-4623-A6AD-3AFA2E925AAF}.Release|Any CPU.Build.0 = Release|Any CPU
	EndGlobalSection
	GlobalSection(SolutionProperties) = preSolution
		HideSolutionNode = FALSE
	EndGlobalSection
	GlobalSection(ExtensibilityGlobals) = postSolution
		SolutionGuid = {4C91267F-0B79-48AE-88E1-7046FC28AF7C}
	EndGlobalSection
EndGlobal
